PODS:
  - React (0.59.9):
    - React/Core (= 0.59.9)
  - react-native-splash-screen (3.2.0):
    - React
  - React/Core (0.59.9):
    - yoga (= 0.59.9.React)
  - React/fishhook (0.59.9)
  - React/RCTActionSheet (0.59.9):
    - React/Core
  - React/RCTAnimation (0.59.9):
    - React/Core
  - React/RCTBlob (0.59.9):
    - React/Core
  - React/RCTImage (0.59.9):
    - React/Core
    - React/RCTNetwork
  - React/RCTLinkingIOS (0.59.9):
    - React/Core
  - React/RCTNetwork (0.59.9):
    - React/Core
  - React/RCTSettings (0.59.9):
    - React/Core
  - React/RCTText (0.59.9):
    - React/Core
  - React/RCTVibration (0.59.9):
    - React/Core
  - React/RCTWebSocket (0.59.9):
    - React/Core
    - React/fishhook
    - React/RCTBlob
  - RNCAsyncStorage (1.5.0):
    - React
  - RNDeviceInfo (0.21.5):
    - React
  - RNVectorIcons (6.5.0):
    - React
  - yoga (0.59.9.React)

DEPENDENCIES:
  - react-native-splash-screen (from `../node_modules/react-native-splash-screen`)
  - React/Core (from `../node_modules/react-native`)
  - React/RCTActionSheet (from `../node_modules/react-native`)
  - React/RCTAnimation (from `../node_modules/react-native`)
  - React/RCTImage (from `../node_modules/react-native`)
  - React/RCTLinkingIOS (from `../node_modules/react-native`)
  - React/RCTNetwork (from `../node_modules/react-native`)
  - React/RCTSettings (from `../node_modules/react-native`)
  - React/RCTText (from `../node_modules/react-native`)
  - React/RCTVibration (from `../node_modules/react-native`)
  - React/RCTWebSocket (from `../node_modules/react-native`)
  - "RNCAsyncStorage (from `../node_modules/@react-native-community/async-storage`)"
  - RNDeviceInfo (from `../node_modules/react-native-device-info`)
  - RNVectorIcons (from `../node_modules/react-native-vector-icons`)
  - yoga (from `../node_modules/react-native/ReactCommon/yoga/yoga.podspec`)

EXTERNAL SOURCES:
  React:
    :path: "../node_modules/react-native"
  react-native-splash-screen:
    :path: "../node_modules/react-native-splash-screen"
  RNCAsyncStorage:
    :path: "../node_modules/@react-native-community/async-storage"
  RNDeviceInfo:
    :path: "../node_modules/react-native-device-info"
  RNVectorIcons:
    :path: "../node_modules/react-native-vector-icons"
  yoga:
    :path: "../node_modules/react-native/ReactCommon/yoga/yoga.podspec"

SPEC CHECKSUMS:
  React: 1d605e098d69bdf08960787f3446f0a9dc2e2ccf
  react-native-splash-screen: a49be22f0f6648b8416f3bd28258645eeaa5b42b
  RNCAsyncStorage: 6ae5aba8a41bfe0a9f21885ec91faf23ca3fe7ee
  RNDeviceInfo: 568c5641057313b4912d08a7742ff0b2f753ed5c
  RNVectorIcons: 66af4d5c8ff4f584c7b7cd9c4b0780920f27fce2
  yoga: 128daf064cacaede0c3bb27424b6b4c71052e6cd

PODFILE CHECKSUM: beba53b48902b4fe93b9cd12d74910fc2faa59ef

COCOAPODS: 1.5.3
